{
  "name": "vtirs",
  "version": "1.0.0",
  "lockfileVersion": 3,
  "requires": true,
  "packages": {
    "": {
      "name": "vtirs",
      "version": "1.0.0",
      "license": "ISC",
      "dependencies": {
        "@neon/config": "^1.1.0"
      }
    },
    "node_modules/@neon/config": {
      "version": "1.1.0",
      "resolved": "https://registry.npmjs.org/@neon/config/-/config-1.1.0.tgz",
      "integrity": "sha512-INqhLuu0HFzrA/3OY3ck+4tfv9DYdQT7pooIzoG9+6jHvYetvgxE7rfa/cQ+Z86B9fdFBG/N+Oq9qPKmm+dbtg==",
      "license": "Apache-2.0",
      "dependencies": {
        "@neon/sdk": "3.0.0",
        "jiti": "^2.7.0",
        "zod": "^4.4.3"
      },
      "engines": {
        "node": ">=20.19.0"
      }
    },
    "node_modules/@neon/sdk": {
      "version": "3.0.0",
      "resolved": "https://registry.npmjs.org/@neon/sdk/-/sdk-3.0.0.tgz",
      "integrity": "sha512-HoWXk7t6MqTo0s5tbFinYNcuojsLAperd8I6oouibBLie2pnucIfTP10FtQZPfZVABvnU2SGm+QT9pQDmVfGeA==",
      "license": "Apache-2.0",
      "engines": {
        "node": ">=20.19.0"
      }
    },
    "node_modules/jiti": {
      "version": "2.7.0",
      "resolved": "https://registry.npmjs.org/jiti/-/jiti-2.7.0.tgz",
      "integrity": "sha512-AC/7JofJvZGrrneWNaEnJeOLUx+JlGt7tNa0wZiRPT4MY1wmfKjt2+6O2p2uz2+skll8OZZmJMNqeke7kKbNgQ==",
      "license": "MIT",
      "bin": {
        "jiti": "lib/jiti-cli.mjs"
      }
    },
    "node_modules/zod": {
      "version": "4.5.4",
      "resolved": "https://registry.npmjs.org/zod/-/zod-4.5.4.tgz",
      "integrity": "sha512-sC95tT5iHHH9gtpj6A81kh+NEaRAUFN+qlUPDUbRfOMvNf5QCBqsb3WgvnpVtK5Y+4UfA6KqufotuTvMGiTlsA==",
      "license": "MIT",
      "funding": {
        "url": "https://github.com/sponsors/colinhacks"
      }
    }
  }
}
